{
  "name": "VPNProject",
  "lockfileVersion": 2,
  "requires": true,
  "packages": {
    "": {
      "dependencies": {
        "jquery-form-validator": "^2.3.79",
        "jquery-validation": "^1.19.3"
      }
    },
    "node_modules/jquery": {
      "version": "2.2.4",
      "resolved": "https://registry.npmjs.org/jquery/-/jquery-2.2.4.tgz",
      "integrity": "sha1-LInWiJterFIqfuoywUUhVZxsvwI="
    },
    "node_modules/jquery-form-validator": {
      "version": "2.3.79",
      "resolved": "https://registry.npmjs.org/jquery-form-validator/-/jquery-form-validator-2.3.79.tgz",
      "integrity": "sha512-/jG1qy7FEcGFCGlnEst5pOn1SZi3awDxRrlGDHdBEnY8Ga5zXA00OnAKIZV8fUCpUTT003BPbFBDR7hlgOsN8w==",
      "dependencies": {
        "jquery": "2.2.4"
      }
    },
    "node_modules/jquery-validation": {
      "version": "1.19.3",
      "resolved": "https://registry.npmjs.org/jquery-validation/-/jquery-validation-1.19.3.tgz",
      "integrity": "sha512-iXxCS5W7STthSTMFX/NDZfWHBLbJ1behVK3eAgHXAV8/0vRa9M4tiqHvJMr39VGWHMGdlkhrtrkBuaL2UlE8yw==",
      "peerDependencies": {
        "jquery": "^1.7 || ^2.0 || ^3.1"
      }
    }
  },
  "dependencies": {
    "jquery": {
      "version": "2.2.4",
      "resolved": "https://registry.npmjs.org/jquery/-/jquery-2.2.4.tgz",
      "integrity": "sha1-LInWiJterFIqfuoywUUhVZxsvwI="
    },
    "jquery-form-validator": {
      "version": "2.3.79",
      "resolved": "https://registry.npmjs.org/jquery-form-validator/-/jquery-form-validator-2.3.79.tgz",
      "integrity": "sha512-/jG1qy7FEcGFCGlnEst5pOn1SZi3awDxRrlGDHdBEnY8Ga5zXA00OnAKIZV8fUCpUTT003BPbFBDR7hlgOsN8w==",
      "requires": {
        "jquery": "2.2.4"
      }
    },
    "jquery-validation": {
      "version": "1.19.3",
      "resolved": "https://registry.npmjs.org/jquery-validation/-/jquery-validation-1.19.3.tgz",
      "integrity": "sha512-iXxCS5W7STthSTMFX/NDZfWHBLbJ1behVK3eAgHXAV8/0vRa9M4tiqHvJMr39VGWHMGdlkhrtrkBuaL2UlE8yw==",
      "requires": {}
    }
  }
}
